// !$*UTF8*$!
{
	archiveVersion = 1;
	classes = {
	};
	objectVersion = 50;
	objects = {

/* Begin PBXBuildFile section */
		0304B453219E455D003F956A /* ImagePickerManager.swift in Sources */ = {isa = PBXBuildFile; fileRef = 0304B452219E455D003F956A /* ImagePickerManager.swift */; };
		030C26AE21A61044002D3B75 /* ListingsView.swift in Sources */ = {isa = PBXBuildFile; fileRef = 030C26AD21A61044002D3B75 /* ListingsView.swift */; };
		030C26B021A8B19E002D3B75 /* CustomCollectionCell.swift in Sources */ = {isa = PBXBuildFile; fileRef = 030C26AF21A8B19E002D3B75 /* CustomCollectionCell.swift */; };
		03C7B10B219E247F008442E3 /* Listing.swift in Sources */ = {isa = PBXBuildFile; fileRef = 03C7B10A219E247F008442E3 /* Listing.swift */; };
		03FC8766219E4A6F0000DCC8 /* CreateListingView.swift in Sources */ = {isa = PBXBuildFile; fileRef = 03FC8765219E4A6F0000DCC8 /* CreateListingView.swift */; };
		45A686A836B60AE3E9EDF7BB /* Pods_SelloUITests.framework in Frameworks */ = {isa = PBXBuildFile; fileRef = C2255DAAAF15C91A7E65461B /* Pods_SelloUITests.framework */; };
		680C878C21B0A9140024C09D /* GoogleService-Info.plist in Resources */ = {isa = PBXBuildFile; fileRef = 680C878B21B0A9140024C09D /* GoogleService-Info.plist */; };
		680C879221B0C1520024C09D /* sideTableVC.swift in Sources */ = {isa = PBXBuildFile; fileRef = 680C879121B0C1520024C09D /* sideTableVC.swift */; };
		680C879421B0C2E40024C09D /* profileVC.swift in Sources */ = {isa = PBXBuildFile; fileRef = 680C879321B0C2E40024C09D /* profileVC.swift */; };
		680C879621B0C3870024C09D /* messagesVC.swift in Sources */ = {isa = PBXBuildFile; fileRef = 680C879521B0C3870024C09D /* messagesVC.swift */; };
		9D15940A2E051D3F47A0732A /* Pods_SelloTests.framework in Frameworks */ = {isa = PBXBuildFile; fileRef = 9EBF1D8BA4699A516F71F5A0 /* Pods_SelloTests.framework */; };
		B4FFFAD987E780744D74B323 /* Pods_Sello.framework in Frameworks */ = {isa = PBXBuildFile; fileRef = CFA24D8F8EE8305BBEF5AF31 /* Pods_Sello.framework */; };
		E4AF36482193B5B30059AE6B /* AppDelegate.swift in Sources */ = {isa = PBXBuildFile; fileRef = E4AF36472193B5B30059AE6B /* AppDelegate.swift */; };
		E4AF364A2193B5B30059AE6B /* ViewController.swift in Sources */ = {isa = PBXBuildFile; fileRef = E4AF36492193B5B30059AE6B /* ViewController.swift */; };
		E4AF364D2193B5B30059AE6B /* Main.storyboard in Resources */ = {isa = PBXBuildFile; fileRef = E4AF364B2193B5B30059AE6B /* Main.storyboard */; };
		E4AF364F2193B5B50059AE6B /* Assets.xcassets in Resources */ = {isa = PBXBuildFile; fileRef = E4AF364E2193B5B50059AE6B /* Assets.xcassets */; };
		E4AF36522193B5B50059AE6B /* LaunchScreen.storyboard in Resources */ = {isa = PBXBuildFile; fileRef = E4AF36502193B5B50059AE6B /* LaunchScreen.storyboard */; };
		E4AF365D2193B5B50059AE6B /* SelloTests.swift in Sources */ = {isa = PBXBuildFile; fileRef = E4AF365C2193B5B50059AE6B /* SelloTests.swift */; };
		E4AF36682193B5B60059AE6B /* SelloUITests.swift in Sources */ = {isa = PBXBuildFile; fileRef = E4AF36672193B5B60059AE6B /* SelloUITests.swift */; };
/* End PBXBuildFile section */

/* Begin PBXContainerItemProxy section */
		E4AF36592193B5B50059AE6B /* PBXContainerItemProxy */ = {
			isa = PBXContainerItemProxy;
			containerPortal = E4AF363C2193B5B30059AE6B /* Project object */;
			proxyType = 1;
			remoteGlobalIDString = E4AF36432193B5B30059AE6B;
			remoteInfo = Sello;
		};
		E4AF36642193B5B60059AE6B /* PBXContainerItemProxy */ = {
			isa = PBXContainerItemProxy;
			containerPortal = E4AF363C2193B5B30059AE6B /* Project object */;
			proxyType = 1;
			remoteGlobalIDString = E4AF36432193B5B30059AE6B;
			remoteInfo = Sello;
		};
/* End PBXContainerItemProxy section */

/* Begin PBXFileReference section */
		0304B452219E455D003F956A /* ImagePickerManager.swift */ = {isa = PBXFileReference; lastKnownFileType = sourcecode.swift; path = ImagePickerManager.swift; sourceTree = "<group>"; };
		030C26AD21A61044002D3B75 /* ListingsView.swift */ = {isa = PBXFileReference; lastKnownFileType = sourcecode.swift; path = ListingsView.swift; sourceTree = "<group>"; };
		030C26AF21A8B19E002D3B75 /* CustomCollectionCell.swift */ = {isa = PBXFileReference; lastKnownFileType = sourcecode.swift; path = CustomCollectionCell.swift; sourceTree = "<group>"; };
		03C7B10A219E247F008442E3 /* Listing.swift */ = {isa = PBXFileReference; lastKnownFileType = sourcecode.swift; path = Listing.swift; sourceTree = "<group>"; };
		03FC8765219E4A6F0000DCC8 /* CreateListingView.swift */ = {isa = PBXFileReference; lastKnownFileType = sourcecode.swift; path = CreateListingView.swift; sourceTree = "<group>"; };
		1DEA346034C1CE93B2C93BD7 /* Pods-SelloTests.release.xcconfig */ = {isa = PBXFileReference; includeInIndex = 1; lastKnownFileType = text.xcconfig; name = "Pods-SelloTests.release.xcconfig"; path = "Pods/Target Support Files/Pods-SelloTests/Pods-SelloTests.release.xcconfig"; sourceTree = "<group>"; };
		29510E015F0CF42AD16B023B /* Pods-SelloTests.debug.xcconfig */ = {isa = PBXFileReference; includeInIndex = 1; lastKnownFileType = text.xcconfig; name = "Pods-SelloTests.debug.xcconfig"; path = "Pods/Target Support Files/Pods-SelloTests/Pods-SelloTests.debug.xcconfig"; sourceTree = "<group>"; };
		3BB94DAC7E039D0BA07186CE /* Pods-Sello.debug.xcconfig */ = {isa = PBXFileReference; includeInIndex = 1; lastKnownFileType = text.xcconfig; name = "Pods-Sello.debug.xcconfig"; path = "Pods/Target Support Files/Pods-Sello/Pods-Sello.debug.xcconfig"; sourceTree = "<group>"; };
		3F20B0FE418A7611CEB9F1EA /* Pods-SelloUITests.release.xcconfig */ = {isa = PBXFileReference; includeInIndex = 1; lastKnownFileType = text.xcconfig; name = "Pods-SelloUITests.release.xcconfig"; path = "Pods/Target Support Files/Pods-SelloUITests/Pods-SelloUITests.release.xcconfig"; sourceTree = "<group>"; };
		5BF38ED60C19B887ABBA969E /* Pods-SelloUITests.debug.xcconfig */ = {isa = PBXFileReference; includeInIndex = 1; lastKnownFileType = text.xcconfig; name = "Pods-SelloUITests.debug.xcconfig"; path = "Pods/Target Support Files/Pods-SelloUITests/Pods-SelloUITests.debug.xcconfig"; sourceTree = "<group>"; };
		680C878B21B0A9140024C09D /* GoogleService-Info.plist */ = {isa = PBXFileReference; fileEncoding = 4; lastKnownFileType = text.plist.xml; path = "GoogleService-Info.plist"; sourceTree = "<group>"; };
		680C879121B0C1520024C09D /* sideTableVC.swift */ = {isa = PBXFileReference; lastKnownFileType = sourcecode.swift; path = sideTableVC.swift; sourceTree = "<group>"; };
		680C879321B0C2E40024C09D /* profileVC.swift */ = {isa = PBXFileReference; lastKnownFileType = sourcecode.swift; path = profileVC.swift; sourceTree = "<group>"; };
		680C879521B0C3870024C09D /* messagesVC.swift */ = {isa = PBXFileReference; lastKnownFileType = sourcecode.swift; path = messagesVC.swift; sourceTree = "<group>"; };
		69BC6211C84D6E8F419B011A /* Pods-Sello.release.xcconfig */ = {isa = PBXFileReference; includeInIndex = 1; lastKnownFileType = text.xcconfig; name = "Pods-Sello.release.xcconfig"; path = "Pods/Target Support Files/Pods-Sello/Pods-Sello.release.xcconfig"; sourceTree = "<group>"; };
		9EBF1D8BA4699A516F71F5A0 /* Pods_SelloTests.framework */ = {isa = PBXFileReference; explicitFileType = wrapper.framework; includeInIndex = 0; path = Pods_SelloTests.framework; sourceTree = BUILT_PRODUCTS_DIR; };
		C2255DAAAF15C91A7E65461B /* Pods_SelloUITests.framework */ = {isa = PBXFileReference; explicitFileType = wrapper.framework; includeInIndex = 0; path = Pods_SelloUITests.framework; sourceTree = BUILT_PRODUCTS_DIR; };
		CFA24D8F8EE8305BBEF5AF31 /* Pods_Sello.framework */ = {isa = PBXFileReference; explicitFileType = wrapper.framework; includeInIndex = 0; path = Pods_Sello.framework; sourceTree = BUILT_PRODUCTS_DIR; };
		E4AF36442193B5B30059AE6B /* Sello.app */ = {isa = PBXFileReference; explicitFileType = wrapper.application; includeInIndex = 0; path = Sello.app; sourceTree = BUILT_PRODUCTS_DIR; };
		E4AF36472193B5B30059AE6B /* AppDelegate.swift */ = {isa = PBXFileReference; lastKnownFileType = sourcecode.swift; path = AppDelegate.swift; sourceTree = "<group>"; };
		E4AF36492193B5B30059AE6B /* ViewController.swift */ = {isa = PBXFileReference; lastKnownFileType = sourcecode.swift; path = ViewController.swift; sourceTree = "<group>"; };
		E4AF364C2193B5B30059AE6B /* Base */ = {isa = PBXFileReference; lastKnownFileType = file.storyboard; name = Base; path = Base.lproj/Main.storyboard; sourceTree = "<group>"; };
		E4AF364E2193B5B50059AE6B /* Assets.xcassets */ = {isa = PBXFileReference; lastKnownFileType = folder.assetcatalog; path = Assets.xcassets; sourceTree = "<group>"; };
		E4AF36512193B5B50059AE6B /* Base */ = {isa = PBXFileReference; lastKnownFileType = file.storyboard; name = Base; path = Base.lproj/LaunchScreen.storyboard; sourceTree = "<group>"; };
		E4AF36532193B5B50059AE6B /* Info.plist */ = {isa = PBXFileReference; lastKnownFileType = text.plist.xml; path = Info.plist; sourceTree = "<group>"; };
		E4AF36582193B5B50059AE6B /* SelloTests.xctest */ = {isa = PBXFileReference; explicitFileType = wrapper.cfbundle; includeInIndex = 0; path = SelloTests.xctest; sourceTree = BUILT_PRODUCTS_DIR; };
		E4AF365C2193B5B50059AE6B /* SelloTests.swift */ = {isa = PBXFileReference; lastKnownFileType = sourcecode.swift; path = SelloTests.swift; sourceTree = "<group>"; };
		E4AF365E2193B5B50059AE6B /* Info.plist */ = {isa = PBXFileReference; lastKnownFileType = text.plist.xml; path = Info.plist; sourceTree = "<group>"; };
		E4AF36632193B5B60059AE6B /* SelloUITests.xctest */ = {isa = PBXFileReference; explicitFileType = wrapper.cfbundle; includeInIndex = 0; path = SelloUITests.xctest; sourceTree = BUILT_PRODUCTS_DIR; };
		E4AF36672193B5B60059AE6B /* SelloUITests.swift */ = {isa = PBXFileReference; lastKnownFileType = sourcecode.swift; path = SelloUITests.swift; sourceTree = "<group>"; };
		E4AF36692193B5B60059AE6B /* Info.plist */ = {isa = PBXFileReference; lastKnownFileType = text.plist.xml; path = Info.plist; sourceTree = "<group>"; };
/* End PBXFileReference section */

/* Begin PBXFrameworksBuildPhase section */
		E4AF36412193B5B30059AE6B /* Frameworks */ = {
			isa = PBXFrameworksBuildPhase;
			buildActionMask = 2147483647;
			files = (
				B4FFFAD987E780744D74B323 /* Pods_Sello.framework in Frameworks */,
			);
			runOnlyForDeploymentPostprocessing = 0;
		};
		E4AF36552193B5B50059AE6B /* Frameworks */ = {
			isa = PBXFrameworksBuildPhase;
			buildActionMask = 2147483647;
			files = (
				9D15940A2E051D3F47A0732A /* Pods_SelloTests.framework in Frameworks */,
			);
			runOnlyForDeploymentPostprocessing = 0;
		};
		E4AF36602193B5B60059AE6B /* Frameworks */ = {
			isa = PBXFrameworksBuildPhase;
			buildActionMask = 2147483647;
			files = (
				45A686A836B60AE3E9EDF7BB /* Pods_SelloUITests.framework in Frameworks */,
			);
			runOnlyForDeploymentPostprocessing = 0;
		};
/* End PBXFrameworksBuildPhase section */

/* Begin PBXGroup section */
		4EBBF77B561F24732239E01C /* Frameworks */ = {
			isa = PBXGroup;
			children = (
				CFA24D8F8EE8305BBEF5AF31 /* Pods_Sello.framework */,
				9EBF1D8BA4699A516F71F5A0 /* Pods_SelloTests.framework */,
				C2255DAAAF15C91A7E65461B /* Pods_SelloUITests.framework */,
			);
			name = Frameworks;
			sourceTree = "<group>";
		};
		80451B2F01142B3E8A63A708 /* Pods */ = {
			isa = PBXGroup;
			children = (
				3BB94DAC7E039D0BA07186CE /* Pods-Sello.debug.xcconfig */,
				69BC6211C84D6E8F419B011A /* Pods-Sello.release.xcconfig */,
				29510E015F0CF42AD16B023B /* Pods-SelloTests.debug.xcconfig */,
				1DEA346034C1CE93B2C93BD7 /* Pods-SelloTests.release.xcconfig */,
				5BF38ED60C19B887ABBA969E /* Pods-SelloUITests.debug.xcconfig */,
				3F20B0FE418A7611CEB9F1EA /* Pods-SelloUITests.release.xcconfig */,
			);
			name = Pods;
			sourceTree = "<group>";
		};
		E4AF363B2193B5B30059AE6B = {
			isa = PBXGroup;
			children = (
				E4AF36462193B5B30059AE6B /* Sello */,
				E4AF365B2193B5B50059AE6B /* SelloTests */,
				E4AF36662193B5B60059AE6B /* SelloUITests */,
				E4AF36452193B5B30059AE6B /* Products */,
				80451B2F01142B3E8A63A708 /* Pods */,
				4EBBF77B561F24732239E01C /* Frameworks */,
			);
			sourceTree = "<group>";
		};
		E4AF36452193B5B30059AE6B /* Products */ = {
			isa = PBXGroup;
			children = (
				E4AF36442193B5B30059AE6B /* Sello.app */,
				E4AF36582193B5B50059AE6B /* SelloTests.xctest */,
				E4AF36632193B5B60059AE6B /* SelloUITests.xctest */,
			);
			name = Products;
			sourceTree = "<group>";
		};
		E4AF36462193B5B30059AE6B /* Sello */ = {
			isa = PBXGroup;
			children = (
				E4AF36472193B5B30059AE6B /* AppDelegate.swift */,
				E4AF36492193B5B30059AE6B /* ViewController.swift */,
				E4AF364B2193B5B30059AE6B /* Main.storyboard */,
				680C879321B0C2E40024C09D /* profileVC.swift */,
				680C879521B0C3870024C09D /* messagesVC.swift */,
				680C879121B0C1520024C09D /* sideTableVC.swift */,
				E4AF364E2193B5B50059AE6B /* Assets.xcassets */,
				E4AF36502193B5B50059AE6B /* LaunchScreen.storyboard */,
				E4AF36532193B5B50059AE6B /* Info.plist */,
				680C878B21B0A9140024C09D /* GoogleService-Info.plist */,
				03C7B10A219E247F008442E3 /* Listing.swift */,
				0304B452219E455D003F956A /* ImagePickerManager.swift */,
				03FC8765219E4A6F0000DCC8 /* CreateListingView.swift */,
				030C26AD21A61044002D3B75 /* ListingsView.swift */,
				030C26AF21A8B19E002D3B75 /* CustomCollectionCell.swift */,
			);
			path = Sello;
			sourceTree = "<group>";
		};
		E4AF365B2193B5B50059AE6B /* SelloTests */ = {
			isa = PBXGroup;
			children = (
				E4AF365C2193B5B50059AE6B /* SelloTests.swift */,
				E4AF365E2193B5B50059AE6B /* Info.plist */,
			);
			path = SelloTests;
			sourceTree = "<group>";
		};
		E4AF36662193B5B60059AE6B /* SelloUITests */ = {
			isa = PBXGroup;
			children = (
				E4AF36672193B5B60059AE6B /* SelloUITests.swift */,
				E4AF36692193B5B60059AE6B /* Info.plist */,
			);
			path = SelloUITests;
			sourceTree = "<group>";
		};
/* End PBXGroup section */

/* Begin PBXNativeTarget section */
		E4AF36432193B5B30059AE6B /* Sello */ = {
			isa = PBXNativeTarget;
			buildConfigurationList = E4AF366C2193B5B60059AE6B /* Build configuration list for PBXNativeTarget "Sello" */;
			buildPhases = (
				E6D61AB6C1F40C1533438BB9 /* [CP] Check Pods Manifest.lock */,
				E4AF36402193B5B30059AE6B /* Sources */,
				E4AF36412193B5B30059AE6B /* Frameworks */,
				E4AF36422193B5B30059AE6B /* Resources */,
				B8FEBB51669544E104C1426A /* [CP] Embed Pods Frameworks */,
			);
			buildRules = (
			);
			dependencies = (
			);
			name = Sello;
			productName = Sello;
			productReference = E4AF36442193B5B30059AE6B /* Sello.app */;
			productType = "com.apple.product-type.application";
		};
		E4AF36572193B5B50059AE6B /* SelloTests */ = {
			isa = PBXNativeTarget;
			buildConfigurationList = E4AF366F2193B5B60059AE6B /* Build configuration list for PBXNativeTarget "SelloTests" */;
			buildPhases = (
				2289B5EAF7F3DD2734F6DD88 /* [CP] Check Pods Manifest.lock */,
				E4AF36542193B5B50059AE6B /* Sources */,
				E4AF36552193B5B50059AE6B /* Frameworks */,
				E4AF36562193B5B50059AE6B /* Resources */,
			);
			buildRules = (
			);
			dependencies = (
				E4AF365A2193B5B50059AE6B /* PBXTargetDependency */,
			);
			name = SelloTests;
			productName = SelloTests;
			productReference = E4AF36582193B5B50059AE6B /* SelloTests.xctest */;
			productType = "com.apple.product-type.bundle.unit-test";
		};
		E4AF36622193B5B60059AE6B /* SelloUITests */ = {
			isa = PBXNativeTarget;
			buildConfigurationList = E4AF36722193B5B60059AE6B /* Build configuration list for PBXNativeTarget "SelloUITests" */;
			buildPhases = (
				8CEE6D684B81CE5D6AED4B74 /* [CP] Check Pods Manifest.lock */,
				E4AF365F2193B5B60059AE6B /* Sources */,
				E4AF36602193B5B60059AE6B /* Frameworks */,
				E4AF36612193B5B60059AE6B /* Resources */,
			);
			buildRules = (
			);
			dependencies = (
				E4AF36652193B5B60059AE6B /* PBXTargetDependency */,
			);
			name = SelloUITests;
			productName = SelloUITests;
			productReference = E4AF36632193B5B60059AE6B /* SelloUITests.xctest */;
			productType = "com.apple.product-type.bundle.ui-testing";
		};
/* End PBXNativeTarget section */

/* Begin PBXProject section */
		E4AF363C2193B5B30059AE6B /* Project object */ = {
			isa = PBXProject;
			attributes = {
				LastSwiftUpdateCheck = 0940;
				LastUpgradeCheck = 0940;
				ORGANIZATIONNAME = Sello;
				TargetAttributes = {
					E4AF36432193B5B30059AE6B = {
						CreatedOnToolsVersion = 9.4;
					};
					E4AF36572193B5B50059AE6B = {
						CreatedOnToolsVersion = 9.4;
						TestTargetID = E4AF36432193B5B30059AE6B;
					};
					E4AF36622193B5B60059AE6B = {
						CreatedOnToolsVersion = 9.4;
						TestTargetID = E4AF36432193B5B30059AE6B;
					};
				};
			};
			buildConfigurationList = E4AF363F2193B5B30059AE6B /* Build configuration list for PBXProject "Sello" */;
			compatibilityVersion = "Xcode 9.3";
			developmentRegion = en;
			hasScannedForEncodings = 0;
			knownRegions = (
				en,
				Base,
			);
			mainGroup = E4AF363B2193B5B30059AE6B;
			productRefGroup = E4AF36452193B5B30059AE6B /* Products */;
			projectDirPath = "";
			projectRoot = "";
			targets = (
				E4AF36432193B5B30059AE6B /* Sello */,
				E4AF36572193B5B50059AE6B /* SelloTests */,
				E4AF36622193B5B60059AE6B /* SelloUITests */,
			);
		};
/* End PBXProject section */

/* Begin PBXResourcesBuildPhase section */
		E4AF36422193B5B30059AE6B /* Resources */ = {
			isa = PBXResourcesBuildPhase;
			buildActionMask = 2147483647;
			files = (
				E4AF36522193B5B50059AE6B /* LaunchScreen.storyboard in Resources */,
				680C878C21B0A9140024C09D /* GoogleService-Info.plist in Resources */,
				E4AF364F2193B5B50059AE6B /* Assets.xcassets in Resources */,
				E4AF364D2193B5B30059AE6B /* Main.storyboard in Resources */,
			);
			runOnlyForDeploymentPostprocessing = 0;
		};
		E4AF36562193B5B50059AE6B /* Resources */ = {
			isa = PBXResourcesBuildPhase;
			buildActionMask = 2147483647;
			files = (
			);
			runOnlyForDeploymentPostprocessing = 0;
		};
		E4AF36612193B5B60059AE6B /* Resources */ = {
			isa = PBXResourcesBuildPhase;
			buildActionMask = 2147483647;
			files = (
			);
			runOnlyForDeploymentPostprocessing = 0;
		};
/* End PBXResourcesBuildPhase section */

/* Begin PBXShellScriptBuildPhase section */
		2289B5EAF7F3DD2734F6DD88 /* [CP] Check Pods Manifest.lock */ = {
			isa = PBXShellScriptBuildPhase;
			buildActionMask = 2147483647;
			files = (
			);
			inputPaths = (
				"${PODS_PODFILE_DIR_PATH}/Podfile.lock",
				"${PODS_ROOT}/Manifest.lock",
			);
			name = "[CP] Check Pods Manifest.lock";
			outputPaths = (
				"$(DERIVED_FILE_DIR)/Pods-SelloTests-checkManifestLockResult.txt",
			);
			runOnlyForDeploymentPostprocessing = 0;
			shellPath = /bin/sh;
			shellScript = "diff \"${PODS_PODFILE_DIR_PATH}/Podfile.lock\" \"${PODS_ROOT}/Manifest.lock\" > /dev/null\nif [ $? != 0 ] ; then\n    # print error to STDERR\n    echo \"error: The sandbox is not in sync with the Podfile.lock. Run 'pod install' or update your CocoaPods installation.\" >&2\n    exit 1\nfi\n# This output is used by Xcode 'outputs' to avoid re-running this script phase.\necho \"SUCCESS\" > \"${SCRIPT_OUTPUT_FILE_0}\"\n";
			showEnvVarsInLog = 0;
		};
		8CEE6D684B81CE5D6AED4B74 /* [CP] Check Pods Manifest.lock */ = {
			isa = PBXShellScriptBuildPhase;
			buildActionMask = 2147483647;
			files = (
			);
			inputPaths = (
				"${PODS_PODFILE_DIR_PATH}/Podfile.lock",
				"${PODS_ROOT}/Manifest.lock",
			);
			name = "[CP] Check Pods Manifest.lock";
			outputPaths = (
				"$(DERIVED_FILE_DIR)/Pods-SelloUITests-checkManifestLockResult.txt",
			);
			runOnlyForDeploymentPostprocessing = 0;
			shellPath = /bin/sh;
			shellScript = "diff \"${PODS_PODFILE_DIR_PATH}/Podfile.lock\" \"${PODS_ROOT}/Manifest.lock\" > /dev/null\nif [ $? != 0 ] ; then\n    # print error to STDERR\n    echo \"error: The sandbox is not in sync with the Podfile.lock. Run 'pod install' or update your CocoaPods installation.\" >&2\n    exit 1\nfi\n# This output is used by Xcode 'outputs' to avoid re-running this script phase.\necho \"SUCCESS\" > \"${SCRIPT_OUTPUT_FILE_0}\"\n";
			showEnvVarsInLog = 0;
		};
		B8FEBB51669544E104C1426A /* [CP] Embed Pods Frameworks */ = {
			isa = PBXShellScriptBuildPhase;
			buildActionMask = 2147483647;
			files = (
			);
			inputPaths = (
				"${SRCROOT}/Pods/Target Support Files/Pods-Sello/Pods-Sello-frameworks.sh",
				"${BUILT_PRODUCTS_DIR}/BoringSSL/openssl.framework",
				"${BUILT_PRODUCTS_DIR}/GTMSessionFetcher/GTMSessionFetcher.framework",
				"${BUILT_PRODUCTS_DIR}/GoogleUtilities/GoogleUtilities.framework",
				"${BUILT_PRODUCTS_DIR}/Protobuf/Protobuf.framework",
				"${BUILT_PRODUCTS_DIR}/gRPC/GRPCClient.framework",
				"${BUILT_PRODUCTS_DIR}/gRPC-C++/grpcpp.framework",
				"${BUILT_PRODUCTS_DIR}/gRPC-Core/grpc.framework",
				"${BUILT_PRODUCTS_DIR}/gRPC-ProtoRPC/ProtoRPC.framework",
				"${BUILT_PRODUCTS_DIR}/gRPC-RxLibrary/RxLibrary.framework",
				"${BUILT_PRODUCTS_DIR}/leveldb-library/leveldb.framework",
				"${BUILT_PRODUCTS_DIR}/nanopb/nanopb.framework",
			);
			name = "[CP] Embed Pods Frameworks";
			outputPaths = (
				"${TARGET_BUILD_DIR}/${FRAMEWORKS_FOLDER_PATH}/openssl.framework",
				"${TARGET_BUILD_DIR}/${FRAMEWORKS_FOLDER_PATH}/GTMSessionFetcher.framework",
				"${TARGET_BUILD_DIR}/${FRAMEWORKS_FOLDER_PATH}/GoogleUtilities.framework",
				"${TARGET_BUILD_DIR}/${FRAMEWORKS_FOLDER_PATH}/Protobuf.framework",
				"${TARGET_BUILD_DIR}/${FRAMEWORKS_FOLDER_PATH}/GRPCClient.framework",
				"${TARGET_BUILD_DIR}/${FRAMEWORKS_FOLDER_PATH}/grpcpp.framework",
				"${TARGET_BUILD_DIR}/${FRAMEWORKS_FOLDER_PATH}/grpc.framework",
				"${TARGET_BUILD_DIR}/${FRAMEWORKS_FOLDER_PATH}/ProtoRPC.framework",
				"${TARGET_BUILD_DIR}/${FRAMEWORKS_FOLDER_PATH}/RxLibrary.framework",
				"${TARGET_BUILD_DIR}/${FRAMEWORKS_FOLDER_PATH}/leveldb.framework",
				"${TARGET_BUILD_DIR}/${FRAMEWORKS_FOLDER_PATH}/nanopb.framework",
			);
			runOnlyForDeploymentPostprocessing = 0;
			shellPath = /bin/sh;
			shellScript = "\"${SRCROOT}/Pods/Target Support Files/Pods-Sello/Pods-Sello-frameworks.sh\"\n";
			showEnvVarsInLog = 0;
		};
		E6D61AB6C1F40C1533438BB9 /* [CP] Check Pods Manifest.lock */ = {
			isa = PBXShellScriptBuildPhase;
			buildActionMask = 2147483647;
			files = (
			);
			inputPaths = (
				"${PODS_PODFILE_DIR_PATH}/Podfile.lock",
				"${PODS_ROOT}/Manifest.lock",
			);
			name = "[CP] Check Pods Manifest.lock";
			outputPaths = (
				"$(DERIVED_FILE_DIR)/Pods-Sello-checkManifestLockResult.txt",
			);
			runOnlyForDeploymentPostprocessing = 0;
			shellPath = /bin/sh;
			shellScript = "diff \"${PODS_PODFILE_DIR_PATH}/Podfile.lock\" \"${PODS_ROOT}/Manifest.lock\" > /dev/null\nif [ $? != 0 ] ; then\n    # print error to STDERR\n    echo \"error: The sandbox is not in sync with the Podfile.lock. Run 'pod install' or update your CocoaPods installation.\" >&2\n    exit 1\nfi\n# This output is used by Xcode 'outputs' to avoid re-running this script phase.\necho \"SUCCESS\" > \"${SCRIPT_OUTPUT_FILE_0}\"\n";
			showEnvVarsInLog = 0;
		};
/* End PBXShellScriptBuildPhase section */

/* Begin PBXSourcesBuildPhase section */
		E4AF36402193B5B30059AE6B /* Sources */ = {
			isa = PBXSourcesBuildPhase;
			buildActionMask = 2147483647;
			files = (
				E4AF364A2193B5B30059AE6B /* ViewController.swift in Sources */,
				680C879221B0C1520024C09D /* sideTableVC.swift in Sources */,
				030C26AE21A61044002D3B75 /* ListingsView.swift in Sources */,
				03C7B10B219E247F008442E3 /* Listing.swift in Sources */,
				680C879421B0C2E40024C09D /* profileVC.swift in Sources */,
				E4AF36482193B5B30059AE6B /* AppDelegate.swift in Sources */,
				03FC8766219E4A6F0000DCC8 /* CreateListingView.swift in Sources */,
				0304B453219E455D003F956A /* ImagePickerManager.swift in Sources */,
				680C879621B0C3870024C09D /* messagesVC.swift in Sources */,
				030C26B021A8B19E002D3B75 /* CustomCollectionCell.swift in Sources */,
			);
			runOnlyForDeploymentPostprocessing = 0;
		};
		E4AF36542193B5B50059AE6B /* Sources */ = {
			isa = PBXSourcesBuildPhase;
			buildActionMask = 2147483647;
			files = (
				E4AF365D2193B5B50059AE6B /* SelloTests.swift in Sources */,
			);
			runOnlyForDeploymentPostprocessing = 0;
		};
		E4AF365F2193B5B60059AE6B /* Sources */ = {
			isa = PBXSourcesBuildPhase;
			buildActionMask = 2147483647;
			files = (
				E4AF36682193B5B60059AE6B /* SelloUITests.swift in Sources */,
			);
			runOnlyForDeploymentPostprocessing = 0;
		};
/* End PBXSourcesBuildPhase section */

/* Begin PBXTargetDependency section */
		E4AF365A2193B5B50059AE6B /* PBXTargetDependency */ = {
			isa = PBXTargetDependency;
			target = E4AF36432193B5B30059AE6B /* Sello */;
			targetProxy = E4AF36592193B5B50059AE6B /* PBXContainerItemProxy */;
		};
		E4AF36652193B5B60059AE6B /* PBXTargetDependency */ = {
			isa = PBXTargetDependency;
			target = E4AF36432193B5B30059AE6B /* Sello */;
			targetProxy = E4AF36642193B5B60059AE6B /* PBXContainerItemProxy */;
		};
/* End PBXTargetDependency section */

/* Begin PBXVariantGroup section */
		E4AF364B2193B5B30059AE6B /* Main.storyboard */ = {
			isa = PBXVariantGroup;
			children = (
				E4AF364C2193B5B30059AE6B /* Base */,
			);
			name = Main.storyboard;
			sourceTree = "<group>";
		};
		E4AF36502193B5B50059AE6B /* LaunchScreen.storyboard */ = {
			isa = PBXVariantGroup;
			children = (
				E4AF36512193B5B50059AE6B /* Base */,
			);
			name = LaunchScreen.storyboard;
			sourceTree = "<group>";
		};
/* End PBXVariantGroup section */

/* Begin XCBuildConfiguration section */
		E4AF366A2193B5B60059AE6B /* Debug */ = {
			isa = XCBuildConfiguration;
			buildSettings = {
				ALWAYS_SEARCH_USER_PATHS = NO;
				CLANG_ANALYZER_NONNULL = YES;
				CLANG_ANALYZER_NUMBER_OBJECT_CONVERSION = YES_AGGRESSIVE;
				CLANG_CXX_LANGUAGE_STANDARD = "gnu++14";
				CLANG_CXX_LIBRARY = "libc++";
				CLANG_ENABLE_MODULES = YES;
				CLANG_ENABLE_OBJC_ARC = YES;
				CLANG_ENABLE_OBJC_WEAK = YES;
				CLANG_WARN_BLOCK_CAPTURE_AUTORELEASING = YES;
				CLANG_WARN_BOOL_CONVERSION = YES;
				CLANG_WARN_COMMA = YES;
				CLANG_WARN_CONSTANT_CONVERSION = YES;
				CLANG_WARN_DEPRECATED_OBJC_IMPLEMENTATIONS = YES;
				CLANG_WARN_DIRECT_OBJC_ISA_USAGE = YES_ERROR;
				CLANG_WARN_DOCUMENTATION_COMMENTS = YES;
				CLANG_WARN_EMPTY_BODY = YES;
				CLANG_WARN_ENUM_CONVERSION = YES;
				CLANG_WARN_INFINITE_RECURSION = YES;
				CLANG_WARN_INT_CONVERSION = YES;
				CLANG_WARN_NON_LITERAL_NULL_CONVERSION = YES;
				CLANG_WARN_OBJC_IMPLICIT_RETAIN_SELF = YES;
				CLANG_WARN_OBJC_LITERAL_CONVERSION = YES;
				CLANG_WARN_OBJC_ROOT_CLASS = YES_ERROR;
				CLANG_WARN_RANGE_LOOP_ANALYSIS = YES;
				CLANG_WARN_STRICT_PROTOTYPES = YES;
				CLANG_WARN_SUSPICIOUS_MOVE = YES;
				CLANG_WARN_UNGUARDED_AVAILABILITY = YES_AGGRESSIVE;
				CLANG_WARN_UNREACHABLE_CODE = YES;
				CLANG_WARN__DUPLICATE_METHOD_MATCH = YES;
				CODE_SIGN_IDENTITY = "iPhone Developer";
				COPY_PHASE_STRIP = NO;
				DEBUG_INFORMATION_FORMAT = dwarf;
				ENABLE_STRICT_OBJC_MSGSEND = YES;
				ENABLE_TESTABILITY = YES;
				GCC_C_LANGUAGE_STANDARD = gnu11;
				GCC_DYNAMIC_NO_PIC = NO;
				GCC_NO_COMMON_BLOCKS = YES;
				GCC_OPTIMIZATION_LEVEL = 0;
				GCC_PREPROCESSOR_DEFINITIONS = (
					"DEBUG=1",
					"$(inherited)",
				);
				GCC_WARN_64_TO_32_BIT_CONVERSION = YES;
				GCC_WARN_ABOUT_RETURN_TYPE = YES_ERROR;
				GCC_WARN_UNDECLARED_SELECTOR = YES;
				GCC_WARN_UNINITIALIZED_AUTOS = YES_AGGRESSIVE;
				GCC_WARN_UNUSED_FUNCTION = YES;
				GCC_WARN_UNUSED_VARIABLE = YES;
				IPHONEOS_DEPLOYMENT_TARGET = 11.4;
				MTL_ENABLE_DEBUG_INFO = YES;
				ONLY_ACTIVE_ARCH = YES;
				SDKROOT = iphoneos;
				SWIFT_ACTIVE_COMPILATION_CONDITIONS = DEBUG;
				SWIFT_OPTIMIZATION_LEVEL = "-Onone";
			};
			name = Debug;
		};
		E4AF366B2193B5B60059AE6B /* Release */ = {
			isa = XCBuildConfiguration;
			buildSettings = {
				ALWAYS_SEARCH_USER_PATHS = NO;
				CLANG_ANALYZER_NONNULL = YES;
				CLANG_ANALYZER_NUMBER_OBJECT_CONVERSION = YES_AGGRESSIVE;
				CLANG_CXX_LANGUAGE_STANDARD = "gnu++14";
				CLANG_CXX_LIBRARY = "libc++";
				CLANG_ENABLE_MODULES = YES;
				CLANG_ENABLE_OBJC_ARC = YES;
				CLANG_ENABLE_OBJC_WEAK = YES;
				CLANG_WARN_BLOCK_CAPTURE_AUTORELEASING = YES;
				CLANG_WARN_BOOL_CONVERSION = YES;
				CLANG_WARN_COMMA = YES;
				CLANG_WARN_CONSTANT_CONVERSION = YES;
				CLANG_WARN_DEPRECATED_OBJC_IMPLEMENTATIONS = YES;
				CLANG_WARN_DIRECT_OBJC_ISA_USAGE = YES_ERROR;
				CLANG_WARN_DOCUMENTATION_COMMENTS = YES;
				CLANG_WARN_EMPTY_BODY = YES;
				CLANG_WARN_ENUM_CONVERSION = YES;
				CLANG_WARN_INFINITE_RECURSION = YES;
				CLANG_WARN_INT_CONVERSION = YES;
				CLANG_WARN_NON_LITERAL_NULL_CONVERSION = YES;
				CLANG_WARN_OBJC_IMPLICIT_RETAIN_SELF = YES;
				CLANG_WARN_OBJC_LITERAL_CONVERSION = YES;
				CLANG_WARN_OBJC_ROOT_CLASS = YES_ERROR;
				CLANG_WARN_RANGE_LOOP_ANALYSIS = YES;
				CLANG_WARN_STRICT_PROTOTYPES = YES;
				CLANG_WARN_SUSPICIOUS_MOVE = YES;
				CLANG_WARN_UNGUARDED_AVAILABILITY = YES_AGGRESSIVE;
				CLANG_WARN_UNREACHABLE_CODE = YES;
				CLANG_WARN__DUPLICATE_METHOD_MATCH = YES;
				CODE_SIGN_IDENTITY = "iPhone Developer";
				COPY_PHASE_STRIP = NO;
				DEBUG_INFORMATION_FORMAT = "dwarf-with-dsym";
				ENABLE_NS_ASSERTIONS = NO;
				ENABLE_STRICT_OBJC_MSGSEND = YES;
				GCC_C_LANGUAGE_STANDARD = gnu11;
				GCC_NO_COMMON_BLOCKS = YES;
				GCC_WARN_64_TO_32_BIT_CONVERSION = YES;
				GCC_WARN_ABOUT_RETURN_TYPE = YES_ERROR;
				GCC_WARN_UNDECLARED_SELECTOR = YES;
				GCC_WARN_UNINITIALIZED_AUTOS = YES_AGGRESSIVE;
				GCC_WARN_UNUSED_FUNCTION = YES;
				GCC_WARN_UNUSED_VARIABLE = YES;
				IPHONEOS_DEPLOYMENT_TARGET = 11.4;
				MTL_ENABLE_DEBUG_INFO = NO;
				SDKROOT = iphoneos;
				SWIFT_COMPILATION_MODE = wholemodule;
				SWIFT_OPTIMIZATION_LEVEL = "-O";
				VALIDATE_PRODUCT = YES;
			};
			name = Release;
		};
		E4AF366D2193B5B60059AE6B /* Debug */ = {
			isa = XCBuildConfiguration;
			baseConfigurationReference = 3BB94DAC7E039D0BA07186CE /* Pods-Sello.debug.xcconfig */;
			buildSettings = {
				ASSETCATALOG_COMPILER_APPICON_NAME = AppIcon;
				CODE_SIGN_STYLE = Automatic;
				DEVELOPMENT_TEAM = CAAZ2DYS29;
				INFOPLIST_FILE = Sello/Info.plist;
				LD_RUNPATH_SEARCH_PATHS = (
					"$(inherited)",
					"@executable_path/Frameworks",
				);
				PRODUCT_BUNDLE_IDENTIFIER = Sello.Sello;
				PRODUCT_NAME = "$(TARGET_NAME)";
				SWIFT_VERSION = 4.0;
				TARGETED_DEVICE_FAMILY = "1,2";
			};
			name = Debug;
		};
		E4AF366E2193B5B60059AE6B /* Release */ = {
			isa = XCBuildConfiguration;
			baseConfigurationReference = 69BC6211C84D6E8F419B011A /* Pods-Sello.release.xcconfig */;
			buildSettings = {
				ASSETCATALOG_COMPILER_APPICON_NAME = AppIcon;
				CODE_SIGN_STYLE = Automatic;
				DEVELOPMENT_TEAM = CAAZ2DYS29;
				INFOPLIST_FILE = Sello/Info.plist;
				LD_RUNPATH_SEARCH_PATHS = (
					"$(inherited)",
					"@executable_path/Frameworks",
				);
				PRODUCT_BUNDLE_IDENTIFIER = Sello.Sello;
				PRODUCT_NAME = "$(TARGET_NAME)";
				SWIFT_VERSION = 4.0;
				TARGETED_DEVICE_FAMILY = "1,2";
			};
			name = Release;
		};
		E4AF36702193B5B60059AE6B /* Debug */ = {
			isa = XCBuildConfiguration;
			baseConfigurationReference = 29510E015F0CF42AD16B023B /* Pods-SelloTests.debug.xcconfig */;
			buildSettings = {
				ALWAYS_EMBED_SWIFT_STANDARD_LIBRARIES = YES;
				BUNDLE_LOADER = "$(TEST_HOST)";
				CODE_SIGN_STYLE = Automatic;
				DEVELOPMENT_TEAM = CAAZ2DYS29;
				INFOPLIST_FILE = SelloTests/Info.plist;
				LD_RUNPATH_SEARCH_PATHS = (
					"$(inherited)",
					"@executable_path/Frameworks",
					"@loader_path/Frameworks",
				);
				PRODUCT_BUNDLE_IDENTIFIER = Sello.SelloTests;
				PRODUCT_NAME = "$(TARGET_NAME)";
				SWIFT_VERSION = 4.0;
				TARGETED_DEVICE_FAMILY = "1,2";
				TEST_HOST = "$(BUILT_PRODUCTS_DIR)/Sello.app/Sello";
			};
			name = Debug;
		};
		E4AF36712193B5B60059AE6B /* Release */ = {
			isa = XCBuildConfiguration;
			baseConfigurationReference = 1DEA346034C1CE93B2C93BD7 /* Pods-SelloTests.release.xcconfig */;
			buildSettings = {
				ALWAYS_EMBED_SWIFT_STANDARD_LIBRARIES = YES;
				BUNDLE_LOADER = "$(TEST_HOST)";
				CODE_SIGN_STYLE = Automatic;
				DEVELOPMENT_TEAM = CAAZ2DYS29;
				INFOPLIST_FILE = SelloTests/Info.plist;
				LD_RUNPATH_SEARCH_PATHS = (
					"$(inherited)",
					"@executable_path/Frameworks",
					"@loader_path/Frameworks",
				);
				PRODUCT_BUNDLE_IDENTIFIER = Sello.SelloTests;
				PRODUCT_NAME = "$(TARGET_NAME)";
				SWIFT_VERSION = 4.0;
				TARGETED_DEVICE_FAMILY = "1,2";
				TEST_HOST = "$(BUILT_PRODUCTS_DIR)/Sello.app/Sello";
			};
			name = Release;
		};
		E4AF36732193B5B60059AE6B /* Debug */ = {
			isa = XCBuildConfiguration;
			baseConfigurationReference = 5BF38ED60C19B887ABBA969E /* Pods-SelloUITests.debug.xcconfig */;
			buildSettings = {
				ALWAYS_EMBED_SWIFT_STANDARD_LIBRARIES = YES;
				CODE_SIGN_STYLE = Automatic;
				DEVELOPMENT_TEAM = CAAZ2DYS29;
				INFOPLIST_FILE = SelloUITests/Info.plist;
				LD_RUNPATH_SEARCH_PATHS = (
					"$(inherited)",
					"@executable_path/Frameworks",
					"@loader_path/Frameworks",
				);
				PRODUCT_BUNDLE_IDENTIFIER = Sello.SelloUITests;
				PRODUCT_NAME = "$(TARGET_NAME)";
				SWIFT_VERSION = 4.0;
				TARGETED_DEVICE_FAMILY = "1,2";
				TEST_TARGET_NAME = Sello;
			};
			name = Debug;
		};
		E4AF36742193B5B60059AE6B /* Release */ = {
			isa = XCBuildConfiguration;
			baseConfigurationReference = 3F20B0FE418A7611CEB9F1EA /* Pods-SelloUITests.release.xcconfig */;
			buildSettings = {
				ALWAYS_EMBED_SWIFT_STANDARD_LIBRARIES = YES;
				CODE_SIGN_STYLE = Automatic;
				DEVELOPMENT_TEAM = CAAZ2DYS29;
				INFOPLIST_FILE = SelloUITests/Info.plist;
				LD_RUNPATH_SEARCH_PATHS = (
					"$(inherited)",
					"@executable_path/Frameworks",
					"@loader_path/Frameworks",
				);
				PRODUCT_BUNDLE_IDENTIFIER = Sello.SelloUITests;
				PRODUCT_NAME = "$(TARGET_NAME)";
				SWIFT_VERSION = 4.0;
				TARGETED_DEVICE_FAMILY = "1,2";
				TEST_TARGET_NAME = Sello;
			};
			name = Release;
		};
/* End XCBuildConfiguration section */

/* Begin XCConfigurationList section */
		E4AF363F2193B5B30059AE6B /* Build configuration list for PBXProject "Sello" */ = {
			isa = XCConfigurationList;
			buildConfigurations = (
				E4AF366A2193B5B60059AE6B /* Debug */,
				E4AF366B2193B5B60059AE6B /* Release */,
			);
			defaultConfigurationIsVisible = 0;
			defaultConfigurationName = Release;
		};
		E4AF366C2193B5B60059AE6B /* Build configuration list for PBXNativeTarget "Sello" */ = {
			isa = XCConfigurationList;
			buildConfigurations = (
				E4AF366D2193B5B60059AE6B /* Debug */,
				E4AF366E2193B5B60059AE6B /* Release */,
			);
			defaultConfigurationIsVisible = 0;
			defaultConfigurationName = Release;
		};
		E4AF366F2193B5B60059AE6B /* Build configuration list for PBXNativeTarget "SelloTests" */ = {
			isa = XCConfigurationList;
			buildConfigurations = (
				E4AF36702193B5B60059AE6B /* Debug */,
				E4AF36712193B5B60059AE6B /* Release */,
			);
			defaultConfigurationIsVisible = 0;
			defaultConfigurationName = Release;
		};
		E4AF36722193B5B60059AE6B /* Build configuration list for PBXNativeTarget "SelloUITests" */ = {
			isa = XCConfigurationList;
			buildConfigurations = (
				E4AF36732193B5B60059AE6B /* Debug */,
				E4AF36742193B5B60059AE6B /* Release */,
			);
			defaultConfigurationIsVisible = 0;
			defaultConfigurationName = Release;
		};
/* End XCConfigurationList section */
	};
	rootObject = E4AF363C2193B5B30059AE6B /* Project object */;
}
